<?xml version="1.0" encoding="utf-8"?>
<Project ToolsVersion="4.0" xmlns="http://schemas.microsoft.com/developer/msbuild/2003">
  <ItemGroup>
    <ClCompile Include="..\source\Clauses.cpp" />
    <ClCompile Include="..\source\DesignExtractor.cpp" />
    <ClCompile Include="..\source\PairSeparator.cpp" />
    <ClCompile Include="..\source\Parser.cpp" />
    <ClCompile Include="..\source\ParserException.cpp" />
    <ClCompile Include="..\source\ParserForPattern.cpp" />
    <ClCompile Include="..\source\ParserForPQL.cpp" />
    <ClCompile Include="..\source\ParserForSelect.cpp" />
    <ClCompile Include="..\source\ParserForSuchThat.cpp" />
    <ClCompile Include="..\source\ParserForWith.cpp" />
    <ClCompile Include="..\source\ParserKeyword.cpp" />
    <ClCompile Include="..\source\ParserOfTypeForSuchThat.cpp" />
    <ClCompile Include="..\source\ParserTypeWithSyn.cpp" />
    <ClCompile Include="..\source\PKB.cpp" />
    <ClCompile Include="..\source\PQLController.cpp" />
    <ClCompile Include="..\source\Procedure.cpp" />
    <ClCompile Include="..\source\ProcTable.cpp" />
    <ClCompile Include="..\source\QueryEvaluator.cpp" />
    <ClCompile Include="..\source\QueryTree.cpp" />
    <ClCompile Include="..\source\RelTable.cpp" />
    <ClCompile Include="..\source\Details.cpp" />
    <ClCompile Include="..\source\Stmt.cpp" />
    <ClCompile Include="..\source\StmtTable.cpp" />
    <ClCompile Include="..\source\Synonym.cpp" />
    <ClCompile Include="..\source\Validation.cpp" />
    <ClCompile Include="..\source\Variable.cpp" />
    <ClCompile Include="..\source\VarTable.cpp" />
    <ClCompile Include="..\UnitTesting\DesignExtractorUnderTest.cpp" />
    <ClCompile Include="..\UnitTesting\PKBStub.cpp" />
    <ClCompile Include="..\source\ParserOfType.cpp" />
  </ItemGroup>
  <ItemGroup>
<<<<<<< HEAD
    <ClInclude Include="..\source\DesignExtractor.h" />
    <ClInclude Include="..\source\Details.h" />
    <ClInclude Include="..\source\Clauses.h" />
    <ClInclude Include="..\source\ParserForPattern.h" />
    <ClInclude Include="..\source\PairSeparator.h" />
    <ClInclude Include="..\source\Parser.h" />
    <ClInclude Include="..\source\ParserException.h" />
    <ClInclude Include="..\source\ParserForPQL.h" />
    <ClInclude Include="..\source\ParserForSelect.h" />
    <ClInclude Include="..\source\ParserForSuchThat.h" />
    <ClInclude Include="..\source\ParserForWith.h" />
    <ClInclude Include="..\source\ParserKeyword.h" />
    <ClInclude Include="..\source\ParserOfTypeForSuchThat.h" />
    <ClInclude Include="..\source\ParserTypeWithSyn.h" />
    <ClInclude Include="..\source\PKB.h" />
    <ClInclude Include="..\source\PQLController.h" />
    <ClInclude Include="..\source\Procedure.h" />
    <ClInclude Include="..\source\ProcTable.h" />
    <ClInclude Include="..\source\QueryEvaluator.h" />
    <ClInclude Include="..\source\QueryTree.h" />
    <ClInclude Include="..\source\RelTable.h" />
    <ClInclude Include="..\source\Stmt.h" />
    <ClInclude Include="..\source\StmtTable.h" />
    <ClInclude Include="..\source\Synonym.h" />
    <ClInclude Include="..\source\Validation.h" />
    <ClInclude Include="..\source\Variable.h" />
    <ClInclude Include="..\source\VarTable.h" />
    <ClInclude Include="..\UnitTesting\DesignExtractorUnderTest.h" />
    <ClInclude Include="..\UnitTesting\PKBStub.h" />
    <ClInclude Include="..\source\ParserOfType.h" />
=======
    <ClCompile Include="..\source\Parser.cpp">
      <Filter>Source Files</Filter>
    </ClCompile>
    <ClCompile Include="..\source\PKB.cpp">
      <Filter>Source Files</Filter>
    </ClCompile>
    <ClCompile Include="..\source\ParserException.cpp">
      <Filter>Source Files</Filter>
    </ClCompile>
    <ClCompile Include="..\source\ParserForPQL.cpp">
      <Filter>Source Files</Filter>
    </ClCompile>
    <ClCompile Include="..\source\ParserForSelect.cpp">
      <Filter>Source Files</Filter>
    </ClCompile>
    <ClCompile Include="..\source\ParserForSuchThat.cpp">
      <Filter>Source Files</Filter>
    </ClCompile>
    <ClCompile Include="..\source\ParserForWith.cpp">
      <Filter>Source Files</Filter>
    </ClCompile>
    <ClCompile Include="..\source\ParserKeyword.cpp">
      <Filter>Source Files</Filter>
    </ClCompile>
    <ClCompile Include="..\source\ParserOfTypeForSuchThat.cpp">
      <Filter>Source Files</Filter>
    </ClCompile>
    <ClCompile Include="..\source\ParserTypeWithSyn.cpp">
      <Filter>Source Files</Filter>
    </ClCompile>
    <ClCompile Include="..\source\PQLController.cpp">
      <Filter>Source Files</Filter>
    </ClCompile>
    <ClCompile Include="..\source\Procedure.cpp">
      <Filter>Source Files</Filter>
    </ClCompile>
    <ClCompile Include="..\source\ProcTable.cpp">
      <Filter>Source Files</Filter>
    </ClCompile>
    <ClCompile Include="..\source\QueryEvaluator.cpp">
      <Filter>Source Files</Filter>
    </ClCompile>
    <ClCompile Include="..\source\QueryTree.cpp">
      <Filter>Source Files</Filter>
    </ClCompile>
    <ClCompile Include="..\source\RelTable.cpp">
      <Filter>Source Files</Filter>
    </ClCompile>
    <ClCompile Include="..\source\Stmt.cpp">
      <Filter>Source Files</Filter>
    </ClCompile>
    <ClCompile Include="..\source\StmtTable.cpp">
      <Filter>Source Files</Filter>
    </ClCompile>
    <ClCompile Include="..\source\Validation.cpp">
      <Filter>Source Files</Filter>
    </ClCompile>
    <ClCompile Include="..\source\Variable.cpp">
      <Filter>Source Files</Filter>
    </ClCompile>
    <ClCompile Include="..\source\VarTable.cpp">
      <Filter>Source Files</Filter>
    </ClCompile>
    <ClCompile Include="..\source\PairSeparator.cpp">
      <Filter>Source Files</Filter>
    </ClCompile>
    <ClCompile Include="..\source\Synonym.cpp">
      <Filter>Source Files</Filter>
    </ClCompile>
    <ClCompile Include="..\UnitTesting\DesignExtractorUnderTest.cpp">
      <Filter>Source Files</Filter>
    </ClCompile>
    <ClCompile Include="..\UnitTesting\PKBStub.cpp">
    <ClCompile Include="..\source\Details.cpp">
      <Filter>Source Files</Filter>
    </ClCompile>
    <ClCompile Include="..\source\Clauses.cpp">
      <Filter>Source Files</Filter>
    </ClCompile>
    <ClCompile Include="..\source\ParserForPattern.cpp">
      <Filter>Source Files</Filter>
    </ClCompile>
  </ItemGroup>
  <ItemGroup>
    <ClInclude Include="..\source\PKB.h">
      <Filter>Header Files</Filter>
    </ClInclude>
    <ClInclude Include="..\source\Parser.h">
      <Filter>Header Files</Filter>
    </ClInclude>
    <ClInclude Include="..\source\DesignExtractor.h">
      <Filter>Header Files</Filter>
    </ClInclude>
    <ClInclude Include="..\source\ParserException.h">
      <Filter>Header Files</Filter>
    </ClInclude>
    <ClInclude Include="..\source\ParserForPQL.h">
      <Filter>Header Files</Filter>
    </ClInclude>
    <ClInclude Include="..\source\ParserForSelect.h">
      <Filter>Header Files</Filter>
    </ClInclude>
    <ClInclude Include="..\source\ParserForSuchThat.h">
      <Filter>Header Files</Filter>
    </ClInclude>
    <ClInclude Include="..\source\ParserForWith.h">
      <Filter>Header Files</Filter>
    </ClInclude>
    <ClInclude Include="..\source\ParserKeyword.h">
      <Filter>Header Files</Filter>
    </ClInclude>
    <ClInclude Include="..\source\ParserOfTypeForSuchThat.h">
      <Filter>Header Files</Filter>
    </ClInclude>
    <ClInclude Include="..\source\ParserTypeWithSyn.h">
      <Filter>Header Files</Filter>
    </ClInclude>
    <ClInclude Include="..\source\PQLController.h">
      <Filter>Header Files</Filter>
    </ClInclude>
    <ClInclude Include="..\source\QueryEvaluator.h">
      <Filter>Header Files</Filter>
    </ClInclude>
    <ClInclude Include="..\source\Procedure.h">
      <Filter>Header Files</Filter>
    </ClInclude>
    <ClInclude Include="..\source\ProcTable.h">
      <Filter>Header Files</Filter>
    </ClInclude>
    <ClInclude Include="..\source\QueryTree.h">
      <Filter>Header Files</Filter>
    </ClInclude>
    <ClInclude Include="..\source\RelTable.h">
      <Filter>Header Files</Filter>
    </ClInclude>
    <ClInclude Include="..\source\Stmt.h">
      <Filter>Header Files</Filter>
    </ClInclude>
    <ClInclude Include="..\source\StmtTable.h">
      <Filter>Header Files</Filter>
    </ClInclude>
    <ClInclude Include="..\source\Validation.h">
      <Filter>Header Files</Filter>
    </ClInclude>
    <ClInclude Include="..\source\Variable.h">
      <Filter>Header Files</Filter>
    </ClInclude>
    <ClInclude Include="..\source\VarTable.h">
      <Filter>Header Files</Filter>
    </ClInclude>
    <ClInclude Include="..\source\PairSeparator.h">
      <Filter>Header Files</Filter>
    </ClInclude>
    <ClInclude Include="..\source\Synonym.h">
      <Filter>Header Files</Filter>
    </ClInclude>
    <ClInclude Include="..\UnitTesting\DesignExtractorUnderTest.h">
      <Filter>Header Files</Filter>
    </ClInclude>
    <ClInclude Include="..\UnitTesting\PKBStub.h">
    <ClInclude Include="..\source\Details.h">
      <Filter>Header Files</Filter>
    </ClInclude>
    <ClInclude Include="..\source\Clauses.h">
      <Filter>Header Files</Filter>
    </ClInclude>
    <ClInclude Include="..\source\ParserForPattern.h">
      <Filter>Header Files</Filter>
    </ClInclude>
>>>>>>> origin/master
  </ItemGroup>
</Project>